
Microsoft Visual Studio Solution File, Format Version 12.00
# Visual Studio Version 16
VisualStudioVersion = 16.0.28917.181
MinimumVisualStudioVersion = 10.0.40219.1
Project("{9A19103F-16F7-4668-BE54-9A1E7A4F7556}") = "UserRegistration.Data", "UserRegistration.Data\UserRegistration.Data.csproj", "{D67BCD90-CEAF-44DF-BB71-0795322CA60B}"
EndProject
Project("{9A19103F-16F7-4668-BE54-9A1E7A4F7556}") = "UserRegistration.Api", "UserRegistration.Api\UserRegistration.Api.csproj", "{EA1BD1DA-14E8-4D78-8EC9-F1100ABF0E9B}"
EndProject
Project("{9A19103F-16F7-4668-BE54-9A1E7A4F7556}") = "UserRegistration.Repository", "UserRegistration.Repository\UserRegistration.Repository.csproj", "{2CA53F4E-4E05-4556-9D6C-BEFC3BDD3303}"
EndProject
Global
	GlobalSection(SolutionConfigurationPlatforms) = preSolution
		Debug|Any CPU = Debug|Any CPU
		Release|Any CPU = Release|Any CPU
	EndGlobalSection
	GlobalSection(ProjectConfigurationPlatforms) = postSolution
		{D67BCD90-CEAF-44DF-BB71-0795322CA60B}.Debug|Any CPU.ActiveCfg = Debug|Any CPU
		{D67BCD90-CEAF-44DF-BB71-0795322CA60B}.Debug|Any CPU.Build.0 = Debug|Any CPU
		{D67BCD90-CEAF-44DF-BB71-0795322CA60B}.Release|Any CPU.ActiveCfg = Release|Any CPU
		{D67BCD90-CEAF-44DF-BB71-0795322CA60B}.Release|Any CPU.Build.0 = Release|Any CPU
		{EA1BD1DA-14E8-4D78-8EC9-F1100ABF0E9B}.Debug|Any CPU.ActiveCfg = Debug|Any CPU
		{EA1BD1DA-14E8-4D78-8EC9-F1100ABF0E9B}.Debug|Any CPU.Build.0 = Debug|Any CPU
		{EA1BD1DA-14E8-4D78-8EC9-F1100ABF0E9B}.Release|Any CPU.ActiveCfg = Release|Any CPU
		{EA1BD1DA-14E8-4D78-8EC9-F1100ABF0E9B}.Release|Any CPU.Build.0 = Release|Any CPU
		{2CA53F4E-4E05-4556-9D6C-BEFC3BDD3303}.Debug|Any CPU.ActiveCfg = Debug|Any CPU
		{2CA53F4E-4E05-4556-9D6C-BEFC3BDD3303}.Debug|Any CPU.Build.0 = Debug|Any CPU
		{2CA53F4E-4E05-4556-9D6C-BEFC3BDD3303}.Release|Any CPU.ActiveCfg = Release|Any CPU
		{2CA53F4E-4E05-4556-9D6C-BEFC3BDD3303}.Release|Any CPU.Build.0 = Release|Any CPU
	EndGlobalSection
	GlobalSection(SolutionProperties) = preSolution
		HideSolutionNode = FALSE
	EndGlobalSection
	GlobalSection(ExtensibilityGlobals) = postSolution
		SolutionGuid = {89FF15B4-F59C-460E-8BE2-BD591E2A546B}
	EndGlobalSection
EndGlobal
